
Microsoft Visual Studio Solution File, Format Version 12.00
# Visual Studio Version 16
VisualStudioVersion = 16.0.31025.194
MinimumVisualStudioVersion = 10.0.40219.1
Project("{9A19103F-16F7-4668-BE54-9A1E7A4F7556}") = "Surveys", "Surveys.csproj", "{B533FC85-B68B-4F30-AE4B-80DF88E316B1}"
EndProject
Project("{FAE04EC0-301F-11D3-BF4B-00C04F79EFBC}") = "TestingSurveys", "..\TestingSurveys\TestingSurveys.csproj", "{5ED6D5DD-E483-4539-9C29-EC916C29D619}"
EndProject
Global
	GlobalSection(SolutionConfigurationPlatforms) = preSolution
		Debug|Any CPU = Debug|Any CPU
		Release|Any CPU = Release|Any CPU
	EndGlobalSection
	GlobalSection(ProjectConfigurationPlatforms) = postSolution
		{B533FC85-B68B-4F30-AE4B-80DF88E316B1}.Debug|Any CPU.ActiveCfg = Debug|Any CPU
		{B533FC85-B68B-4F30-AE4B-80DF88E316B1}.Debug|Any CPU.Build.0 = Debug|Any CPU
		{B533FC85-B68B-4F30-AE4B-80DF88E316B1}.Release|Any CPU.ActiveCfg = Release|Any CPU
		{B533FC85-B68B-4F30-AE4B-80DF88E316B1}.Release|Any CPU.Build.0 = Release|Any CPU
		{5ED6D5DD-E483-4539-9C29-EC916C29D619}.Debug|Any CPU.ActiveCfg = Debug|Any CPU
		{5ED6D5DD-E483-4539-9C29-EC916C29D619}.Debug|Any CPU.Build.0 = Debug|Any CPU
		{5ED6D5DD-E483-4539-9C29-EC916C29D619}.Release|Any CPU.ActiveCfg = Release|Any CPU
		{5ED6D5DD-E483-4539-9C29-EC916C29D619}.Release|Any CPU.Build.0 = Release|Any CPU
	EndGlobalSection
	GlobalSection(SolutionProperties) = preSolution
		HideSolutionNode = FALSE
	EndGlobalSection
	GlobalSection(ExtensibilityGlobals) = postSolution
		SolutionGuid = {935E741A-7E9E-4EE0-A7CB-6FB18EB0E57C}
	EndGlobalSection
EndGlobal
