
Microsoft Visual Studio Solution File, Format Version 12.00
# Visual Studio Version 16
VisualStudioVersion = 16.0.31025.194
MinimumVisualStudioVersion = 10.0.40219.1
Project("{9A19103F-16F7-4668-BE54-9A1E7A4F7556}") = "Surveys", "Surveys.csproj", "{B533FC85-B68B-4F30-AE4B-80DF88E316B1}"
EndProject
Project("{9A19103F-16F7-4668-BE54-9A1E7A4F7556}") = "TestingSurveys", "TestingSurveys\TestingSurveys.csproj", "{F1CF00FD-D4E4-4FB0-BA07-3E2AC8701ED6}"
EndProject
Global
	GlobalSection(SolutionConfigurationPlatforms) = preSolution
		Debug|Any CPU = Debug|Any CPU
		Release|Any CPU = Release|Any CPU
	EndGlobalSection
	GlobalSection(ProjectConfigurationPlatforms) = postSolution
		{B533FC85-B68B-4F30-AE4B-80DF88E316B1}.Debug|Any CPU.ActiveCfg = Debug|Any CPU
		{B533FC85-B68B-4F30-AE4B-80DF88E316B1}.Debug|Any CPU.Build.0 = Debug|Any CPU
		{B533FC85-B68B-4F30-AE4B-80DF88E316B1}.Release|Any CPU.ActiveCfg = Release|Any CPU
		{B533FC85-B68B-4F30-AE4B-80DF88E316B1}.Release|Any CPU.Build.0 = Release|Any CPU
		{F1CF00FD-D4E4-4FB0-BA07-3E2AC8701ED6}.Debug|Any CPU.ActiveCfg = Debug|Any CPU
		{F1CF00FD-D4E4-4FB0-BA07-3E2AC8701ED6}.Debug|Any CPU.Build.0 = Debug|Any CPU
		{F1CF00FD-D4E4-4FB0-BA07-3E2AC8701ED6}.Release|Any CPU.ActiveCfg = Release|Any CPU
		{F1CF00FD-D4E4-4FB0-BA07-3E2AC8701ED6}.Release|Any CPU.Build.0 = Release|Any CPU
	EndGlobalSection
	GlobalSection(SolutionProperties) = preSolution
		HideSolutionNode = FALSE
	EndGlobalSection
	GlobalSection(ExtensibilityGlobals) = postSolution
		SolutionGuid = {935E741A-7E9E-4EE0-A7CB-6FB18EB0E57C}
	EndGlobalSection
EndGlobal
